
Microsoft Visual Studio Solution File, Format Version 12.00
# Visual Studio Version 16
VisualStudioVersion = 16.0.30413.136
MinimumVisualStudioVersion = 10.0.40219.1
Project("{9A19103F-16F7-4668-BE54-9A1E7A4F7556}") = "Forum", "Forum\Forum.csproj", "{2126CFFD-0FFC-45CE-9129-A4E58958564D}"
EndProject
Project("{9A19103F-16F7-4668-BE54-9A1E7A4F7556}") = "Forum.Data", "Forum.Data\Forum.Data.csproj", "{A53785C1-97B4-4F8F-87C1-43A7DDABF695}"
EndProject
Project("{FAE04EC0-301F-11D3-BF4B-00C04F79EFBC}") = "Forum.Service", "Forum.Service\Forum.Service.csproj", "{BC308ACF-9A66-4184-87D6-F99EEEF5F120}"
EndProject
Global
	GlobalSection(SolutionConfigurationPlatforms) = preSolution
		Debug|Any CPU = Debug|Any CPU
		Release|Any CPU = Release|Any CPU
	EndGlobalSection
	GlobalSection(ProjectConfigurationPlatforms) = postSolution
		{2126CFFD-0FFC-45CE-9129-A4E58958564D}.Debug|Any CPU.ActiveCfg = Debug|Any CPU
		{2126CFFD-0FFC-45CE-9129-A4E58958564D}.Debug|Any CPU.Build.0 = Debug|Any CPU
		{2126CFFD-0FFC-45CE-9129-A4E58958564D}.Release|Any CPU.ActiveCfg = Release|Any CPU
		{2126CFFD-0FFC-45CE-9129-A4E58958564D}.Release|Any CPU.Build.0 = Release|Any CPU
		{A53785C1-97B4-4F8F-87C1-43A7DDABF695}.Debug|Any CPU.ActiveCfg = Debug|Any CPU
		{A53785C1-97B4-4F8F-87C1-43A7DDABF695}.Debug|Any CPU.Build.0 = Debug|Any CPU
		{A53785C1-97B4-4F8F-87C1-43A7DDABF695}.Release|Any CPU.ActiveCfg = Release|Any CPU
		{A53785C1-97B4-4F8F-87C1-43A7DDABF695}.Release|Any CPU.Build.0 = Release|Any CPU
		{BC308ACF-9A66-4184-87D6-F99EEEF5F120}.Debug|Any CPU.ActiveCfg = Debug|Any CPU
		{BC308ACF-9A66-4184-87D6-F99EEEF5F120}.Debug|Any CPU.Build.0 = Debug|Any CPU
		{BC308ACF-9A66-4184-87D6-F99EEEF5F120}.Release|Any CPU.ActiveCfg = Release|Any CPU
		{BC308ACF-9A66-4184-87D6-F99EEEF5F120}.Release|Any CPU.Build.0 = Release|Any CPU
	EndGlobalSection
	GlobalSection(SolutionProperties) = preSolution
		HideSolutionNode = FALSE
	EndGlobalSection
	GlobalSection(ExtensibilityGlobals) = postSolution
		SolutionGuid = {DAB1EE43-C7D3-432C-8E95-67326A94D0FF}
	EndGlobalSection
EndGlobal
